
Microsoft Visual Studio Solution File, Format Version 11.00
# Visual Studio 2010
Project("{FAE04EC0-301F-11D3-BF4B-00C04F79EFBC}") = "The Golden Monkey 1.0", "Assembly-CSharp-firstpass.csproj", "{87BA77A7-87BB-9CF5-498B-D8FD0C70EF49}"
EndProject
Project("{FAE04EC0-301F-11D3-BF4B-00C04F79EFBC}") = "The Golden Monkey 1.0", "Assembly-CSharp.csproj", "{698B5E36-60C4-0022-6D23-4DAF70FA1CB3}"
EndProject
Project("{FAE04EC0-301F-11D3-BF4B-00C04F79EFBC}") = "The Golden Monkey 1.0", "Assembly-CSharp-Editor-firstpass.csproj", "{F48B2C0E-4043-B47D-ADA5-6E91D54BED48}"
EndProject
Project("{FAE04EC0-301F-11D3-BF4B-00C04F79EFBC}") = "The Golden Monkey 1.0", "Assembly-CSharp-Editor.csproj", "{DAB7C2F7-82F0-83C3-790D-FEC24818866F}"
EndProject
Global
	GlobalSection(SolutionConfigurationPlatforms) = preSolution
		Debug|Any CPU = Debug|Any CPU
		Release|Any CPU = Release|Any CPU
	EndGlobalSection
	GlobalSection(ProjectConfigurationPlatforms) = postSolution
		{87BA77A7-87BB-9CF5-498B-D8FD0C70EF49}.Debug|Any CPU.ActiveCfg = Debug|Any CPU
		{87BA77A7-87BB-9CF5-498B-D8FD0C70EF49}.Debug|Any CPU.Build.0 = Debug|Any CPU
		{87BA77A7-87BB-9CF5-498B-D8FD0C70EF49}.Release|Any CPU.ActiveCfg = Release|Any CPU
		{87BA77A7-87BB-9CF5-498B-D8FD0C70EF49}.Release|Any CPU.Build.0 = Release|Any CPU
		{698B5E36-60C4-0022-6D23-4DAF70FA1CB3}.Debug|Any CPU.ActiveCfg = Debug|Any CPU
		{698B5E36-60C4-0022-6D23-4DAF70FA1CB3}.Debug|Any CPU.Build.0 = Debug|Any CPU
		{698B5E36-60C4-0022-6D23-4DAF70FA1CB3}.Release|Any CPU.ActiveCfg = Release|Any CPU
		{698B5E36-60C4-0022-6D23-4DAF70FA1CB3}.Release|Any CPU.Build.0 = Release|Any CPU
		{F48B2C0E-4043-B47D-ADA5-6E91D54BED48}.Debug|Any CPU.ActiveCfg = Debug|Any CPU
		{F48B2C0E-4043-B47D-ADA5-6E91D54BED48}.Debug|Any CPU.Build.0 = Debug|Any CPU
		{F48B2C0E-4043-B47D-ADA5-6E91D54BED48}.Release|Any CPU.ActiveCfg = Release|Any CPU
		{F48B2C0E-4043-B47D-ADA5-6E91D54BED48}.Release|Any CPU.Build.0 = Release|Any CPU
		{DAB7C2F7-82F0-83C3-790D-FEC24818866F}.Debug|Any CPU.ActiveCfg = Debug|Any CPU
		{DAB7C2F7-82F0-83C3-790D-FEC24818866F}.Debug|Any CPU.Build.0 = Debug|Any CPU
		{DAB7C2F7-82F0-83C3-790D-FEC24818866F}.Release|Any CPU.ActiveCfg = Release|Any CPU
		{DAB7C2F7-82F0-83C3-790D-FEC24818866F}.Release|Any CPU.Build.0 = Release|Any CPU
	EndGlobalSection
	GlobalSection(SolutionProperties) = preSolution
		HideSolutionNode = FALSE
	EndGlobalSection
	GlobalSection(MonoDevelopProperties) = preSolution
		StartupItem = Assembly-CSharp.csproj
	EndGlobalSection
EndGlobal
