
Microsoft Visual Studio Solution File, Format Version 12.00
# Visual Studio 2017
Project("{FAE04EC0-301F-11D3-BF4B-00C04F79EFBC}") = "The Golden Monkey 1.0", "The Golden Monkey 1.0.csproj", "{5CBF37A6-5D96-8174-8FD7-B1E82975B1D3}"
EndProject
Project("{FAE04EC0-301F-11D3-BF4B-00C04F79EFBC}") = "The Golden Monkey 1.0.Editor", "The Golden Monkey 1.0.Editor.csproj", "{269C18BC-B884-8F9F-BBF5-1C2EA8ADBE7E}"
EndProject
Global
	GlobalSection(SolutionConfigurationPlatforms) = preSolution
		Debug|Any CPU = Debug|Any CPU
		Release|Any CPU = Release|Any CPU
	EndGlobalSection
	GlobalSection(ProjectConfigurationPlatforms) = postSolution
		{5CBF37A6-5D96-8174-8FD7-B1E82975B1D3}.Debug|Any CPU.ActiveCfg = Debug|Any CPU
		{5CBF37A6-5D96-8174-8FD7-B1E82975B1D3}.Debug|Any CPU.Build.0 = Debug|Any CPU
		{5CBF37A6-5D96-8174-8FD7-B1E82975B1D3}.Release|Any CPU.ActiveCfg = Release|Any CPU
		{5CBF37A6-5D96-8174-8FD7-B1E82975B1D3}.Release|Any CPU.Build.0 = Release|Any CPU
		{269C18BC-B884-8F9F-BBF5-1C2EA8ADBE7E}.Debug|Any CPU.ActiveCfg = Debug|Any CPU
		{269C18BC-B884-8F9F-BBF5-1C2EA8ADBE7E}.Debug|Any CPU.Build.0 = Debug|Any CPU
		{269C18BC-B884-8F9F-BBF5-1C2EA8ADBE7E}.Release|Any CPU.ActiveCfg = Release|Any CPU
		{269C18BC-B884-8F9F-BBF5-1C2EA8ADBE7E}.Release|Any CPU.Build.0 = Release|Any CPU
	EndGlobalSection
	GlobalSection(SolutionProperties) = preSolution
		HideSolutionNode = FALSE
	EndGlobalSection
EndGlobal
